
Microsoft Visual Studio Solution File, Format Version 12.00
# Visual Studio Version 17
VisualStudioVersion = 17.11.35327.3
MinimumVisualStudioVersion = 10.0.40219.1
Project("{9A19103F-16F7-4668-BE54-9A1E7A4F7556}") = "Techkid.FileHandler.Output.Formats.Txt", "src\Techkid.FileHandler.Output.Formats.Txt.csproj", "{77C6D337-EA83-471C-80AD-D2AAA0D2D23D}"
EndProject
Global
	GlobalSection(SolutionConfigurationPlatforms) = preSolution
		Debug|Any CPU = Debug|Any CPU
		Release|Any CPU = Release|Any CPU
	EndGlobalSection
	GlobalSection(ProjectConfigurationPlatforms) = postSolution
		{77C6D337-EA83-471C-80AD-D2AAA0D2D23D}.Debug|Any CPU.ActiveCfg = Debug|Any CPU
		{77C6D337-EA83-471C-80AD-D2AAA0D2D23D}.Debug|Any CPU.Build.0 = Debug|Any CPU
		{77C6D337-EA83-471C-80AD-D2AAA0D2D23D}.Release|Any CPU.ActiveCfg = Release|Any CPU
		{77C6D337-EA83-471C-80AD-D2AAA0D2D23D}.Release|Any CPU.Build.0 = Release|Any CPU
	EndGlobalSection
	GlobalSection(SolutionProperties) = preSolution
		HideSolutionNode = FALSE
	EndGlobalSection
	GlobalSection(ExtensibilityGlobals) = postSolution
		SolutionGuid = {2999B73E-CEBB-430D-97F8-D93F442B9D83}
	EndGlobalSection
EndGlobal
